
Microsoft Visual Studio Solution File, Format Version 12.00
# Visual Studio Version 16
VisualStudioVersion = 16.0.28803.202
MinimumVisualStudioVersion = 10.0.40219.1
Project("{FAE04EC0-301F-11D3-BF4B-00C04F79EFBC}") = "LibFFRNetwork", "LibFFRNetwork\LibFFRNetwork.csproj", "{68D53A73-350B-4B1C-A1FE-8F0C97E5ECE3}"
EndProject
Project("{FAE04EC0-301F-11D3-BF4B-00C04F79EFBC}") = "TestingApp", "TestingApp\TestingApp.csproj", "{19B761B7-DF9D-4F70-8266-2EB96D461B26}"
EndProject
Global
	GlobalSection(SolutionConfigurationPlatforms) = preSolution
		Debug|Any CPU = Debug|Any CPU
		Release|Any CPU = Release|Any CPU
	EndGlobalSection
	GlobalSection(ProjectConfigurationPlatforms) = postSolution
		{68D53A73-350B-4B1C-A1FE-8F0C97E5ECE3}.Debug|Any CPU.ActiveCfg = Debug|Any CPU
		{68D53A73-350B-4B1C-A1FE-8F0C97E5ECE3}.Debug|Any CPU.Build.0 = Debug|Any CPU
		{68D53A73-350B-4B1C-A1FE-8F0C97E5ECE3}.Release|Any CPU.ActiveCfg = Release|Any CPU
		{68D53A73-350B-4B1C-A1FE-8F0C97E5ECE3}.Release|Any CPU.Build.0 = Release|Any CPU
		{19B761B7-DF9D-4F70-8266-2EB96D461B26}.Debug|Any CPU.ActiveCfg = Debug|Any CPU
		{19B761B7-DF9D-4F70-8266-2EB96D461B26}.Debug|Any CPU.Build.0 = Debug|Any CPU
		{19B761B7-DF9D-4F70-8266-2EB96D461B26}.Release|Any CPU.ActiveCfg = Release|Any CPU
		{19B761B7-DF9D-4F70-8266-2EB96D461B26}.Release|Any CPU.Build.0 = Release|Any CPU
	EndGlobalSection
	GlobalSection(SolutionProperties) = preSolution
		HideSolutionNode = FALSE
	EndGlobalSection
	GlobalSection(ExtensibilityGlobals) = postSolution
		SolutionGuid = {CD549557-940A-45E2-BA3F-6FB4E0254003}
	EndGlobalSection
EndGlobal
